
Microsoft Visual Studio Solution File, Format Version 12.00
# Visual Studio Version 16
VisualStudioVersion = 16.0.30320.27
MinimumVisualStudioVersion = 10.0.40219.1
Project("{8BC9CEB8-8B4A-11D0-8D11-00A0C91BC942}") = "stkoptr1", "stkoptr1\stkoptr1.vcxproj", "{CC0A0253-86E6-47BD-A8F5-383849370703}"
EndProject
Global
	GlobalSection(SolutionConfigurationPlatforms) = preSolution
		Debug|x64 = Debug|x64
		Debug|x86 = Debug|x86
		Release|x64 = Release|x64
		Release|x86 = Release|x86
	EndGlobalSection
	GlobalSection(ProjectConfigurationPlatforms) = postSolution
		{CC0A0253-86E6-47BD-A8F5-383849370703}.Debug|x64.ActiveCfg = Debug|x64
		{CC0A0253-86E6-47BD-A8F5-383849370703}.Debug|x64.Build.0 = Debug|x64
		{CC0A0253-86E6-47BD-A8F5-383849370703}.Debug|x86.ActiveCfg = Debug|Win32
		{CC0A0253-86E6-47BD-A8F5-383849370703}.Debug|x86.Build.0 = Debug|Win32
		{CC0A0253-86E6-47BD-A8F5-383849370703}.Release|x64.ActiveCfg = Release|x64
		{CC0A0253-86E6-47BD-A8F5-383849370703}.Release|x64.Build.0 = Release|x64
		{CC0A0253-86E6-47BD-A8F5-383849370703}.Release|x86.ActiveCfg = Release|Win32
		{CC0A0253-86E6-47BD-A8F5-383849370703}.Release|x86.Build.0 = Release|Win32
	EndGlobalSection
	GlobalSection(SolutionProperties) = preSolution
		HideSolutionNode = FALSE
	EndGlobalSection
	GlobalSection(ExtensibilityGlobals) = postSolution
		SolutionGuid = {9A00F423-D6A2-46D5-B6D7-4C531C5DD2AB}
	EndGlobalSection
EndGlobal
